
Microsoft Visual Studio Solution File, Format Version 12.00
# Visual Studio 15
VisualStudioVersion = 15.0.26430.15
MinimumVisualStudioVersion = 10.0.40219.1
Project("{9A19103F-16F7-4668-BE54-9A1E7A4F7556}") = "BookStore.Web", "BookStore\BookStore.Web.csproj", "{79F81193-9642-45A6-A9B6-6A759EB00D1F}"
EndProject
Project("{FAE04EC0-301F-11D3-BF4B-00C04F79EFBC}") = "BookStore.Domain", "BookStore.Domain\BookStore.Domain.csproj", "{FB93BB0F-A4C7-461B-812C-373C2035ADC2}"
EndProject
Project("{FAE04EC0-301F-11D3-BF4B-00C04F79EFBC}") = "BookStore.Service", "BookStore.Service\BookStore.Service.csproj", "{9FEF327D-8D09-41F7-B140-4C95EB508B42}"
EndProject
Project("{FAE04EC0-301F-11D3-BF4B-00C04F79EFBC}") = "BookStore.Repository", "BookStore.Repository\BookStore.Repository.csproj", "{CD6F37DF-9A3D-4393-B0DA-289ED7D36C5F}"
EndProject
Global
	GlobalSection(SolutionConfigurationPlatforms) = preSolution
		Debug|Any CPU = Debug|Any CPU
		Release|Any CPU = Release|Any CPU
	EndGlobalSection
	GlobalSection(ProjectConfigurationPlatforms) = postSolution
		{79F81193-9642-45A6-A9B6-6A759EB00D1F}.Debug|Any CPU.ActiveCfg = Debug|Any CPU
		{79F81193-9642-45A6-A9B6-6A759EB00D1F}.Debug|Any CPU.Build.0 = Debug|Any CPU
		{79F81193-9642-45A6-A9B6-6A759EB00D1F}.Release|Any CPU.ActiveCfg = Release|Any CPU
		{79F81193-9642-45A6-A9B6-6A759EB00D1F}.Release|Any CPU.Build.0 = Release|Any CPU
		{FB93BB0F-A4C7-461B-812C-373C2035ADC2}.Debug|Any CPU.ActiveCfg = Debug|Any CPU
		{FB93BB0F-A4C7-461B-812C-373C2035ADC2}.Debug|Any CPU.Build.0 = Debug|Any CPU
		{FB93BB0F-A4C7-461B-812C-373C2035ADC2}.Release|Any CPU.ActiveCfg = Release|Any CPU
		{FB93BB0F-A4C7-461B-812C-373C2035ADC2}.Release|Any CPU.Build.0 = Release|Any CPU
		{9FEF327D-8D09-41F7-B140-4C95EB508B42}.Debug|Any CPU.ActiveCfg = Debug|Any CPU
		{9FEF327D-8D09-41F7-B140-4C95EB508B42}.Debug|Any CPU.Build.0 = Debug|Any CPU
		{9FEF327D-8D09-41F7-B140-4C95EB508B42}.Release|Any CPU.ActiveCfg = Release|Any CPU
		{9FEF327D-8D09-41F7-B140-4C95EB508B42}.Release|Any CPU.Build.0 = Release|Any CPU
		{CD6F37DF-9A3D-4393-B0DA-289ED7D36C5F}.Debug|Any CPU.ActiveCfg = Debug|Any CPU
		{CD6F37DF-9A3D-4393-B0DA-289ED7D36C5F}.Debug|Any CPU.Build.0 = Debug|Any CPU
		{CD6F37DF-9A3D-4393-B0DA-289ED7D36C5F}.Release|Any CPU.ActiveCfg = Release|Any CPU
		{CD6F37DF-9A3D-4393-B0DA-289ED7D36C5F}.Release|Any CPU.Build.0 = Release|Any CPU
	EndGlobalSection
	GlobalSection(SolutionProperties) = preSolution
		HideSolutionNode = FALSE
	EndGlobalSection
EndGlobal
